
Microsoft Visual Studio Solution File, Format Version 12.00
# Visual Studio Version 17
VisualStudioVersion = 17.1.32228.430
MinimumVisualStudioVersion = 10.0.40219.1
Project("{9A19103F-16F7-4668-BE54-9A1E7A4F7556}") = "ProEventos-API", "ProEventos-API.csproj", "{F93E9A49-6B7F-457D-913F-D3A3A05A4918}"
EndProject
Project("{FAE04EC0-301F-11D3-BF4B-00C04F79EFBC}") = "ProEventos-Domain", "..\ProEventos-Domain\ProEventos-Domain.csproj", "{9A448BC3-C233-4E9D-A81D-CB112C92A551}"
EndProject
Project("{FAE04EC0-301F-11D3-BF4B-00C04F79EFBC}") = "ProEventos-Persistence", "..\ProEventos-Persistence\ProEventos-Persistence.csproj", "{F5B7D83B-61CB-4BC1-A222-7C66FE41DF49}"
EndProject
Project("{FAE04EC0-301F-11D3-BF4B-00C04F79EFBC}") = "ProEventos-Application", "..\ProEventos-Application\ProEventos-Application.csproj", "{3BAB3E0C-AEF0-459B-BE01-2C6A342711F3}"
EndProject
Global
	GlobalSection(SolutionConfigurationPlatforms) = preSolution
		Debug|Any CPU = Debug|Any CPU
		Release|Any CPU = Release|Any CPU
	EndGlobalSection
	GlobalSection(ProjectConfigurationPlatforms) = postSolution
		{F93E9A49-6B7F-457D-913F-D3A3A05A4918}.Debug|Any CPU.ActiveCfg = Debug|Any CPU
		{F93E9A49-6B7F-457D-913F-D3A3A05A4918}.Debug|Any CPU.Build.0 = Debug|Any CPU
		{F93E9A49-6B7F-457D-913F-D3A3A05A4918}.Release|Any CPU.ActiveCfg = Release|Any CPU
		{F93E9A49-6B7F-457D-913F-D3A3A05A4918}.Release|Any CPU.Build.0 = Release|Any CPU
		{9A448BC3-C233-4E9D-A81D-CB112C92A551}.Debug|Any CPU.ActiveCfg = Debug|Any CPU
		{9A448BC3-C233-4E9D-A81D-CB112C92A551}.Debug|Any CPU.Build.0 = Debug|Any CPU
		{9A448BC3-C233-4E9D-A81D-CB112C92A551}.Release|Any CPU.ActiveCfg = Release|Any CPU
		{9A448BC3-C233-4E9D-A81D-CB112C92A551}.Release|Any CPU.Build.0 = Release|Any CPU
		{F5B7D83B-61CB-4BC1-A222-7C66FE41DF49}.Debug|Any CPU.ActiveCfg = Debug|Any CPU
		{F5B7D83B-61CB-4BC1-A222-7C66FE41DF49}.Debug|Any CPU.Build.0 = Debug|Any CPU
		{F5B7D83B-61CB-4BC1-A222-7C66FE41DF49}.Release|Any CPU.ActiveCfg = Release|Any CPU
		{F5B7D83B-61CB-4BC1-A222-7C66FE41DF49}.Release|Any CPU.Build.0 = Release|Any CPU
		{3BAB3E0C-AEF0-459B-BE01-2C6A342711F3}.Debug|Any CPU.ActiveCfg = Debug|Any CPU
		{3BAB3E0C-AEF0-459B-BE01-2C6A342711F3}.Debug|Any CPU.Build.0 = Debug|Any CPU
		{3BAB3E0C-AEF0-459B-BE01-2C6A342711F3}.Release|Any CPU.ActiveCfg = Release|Any CPU
		{3BAB3E0C-AEF0-459B-BE01-2C6A342711F3}.Release|Any CPU.Build.0 = Release|Any CPU
	EndGlobalSection
	GlobalSection(SolutionProperties) = preSolution
		HideSolutionNode = FALSE
	EndGlobalSection
	GlobalSection(ExtensibilityGlobals) = postSolution
		SolutionGuid = {E669C99D-39D3-4BD1-872B-D59A3F48BAF2}
	EndGlobalSection
EndGlobal
